
Microsoft Visual Studio Solution File, Format Version 12.00
# Visual Studio Version 17
VisualStudioVersion = 17.13.35931.197 d17.13
MinimumVisualStudioVersion = 10.0.40219.1
Project("{FAE04EC0-301F-11D3-BF4B-00C04F79EFBC}") = "ConsoleApp1", "ConsoleApp1.csproj", "{7F71D956-076C-4AC0-8FA2-83790EA0A386}"
EndProject
Global
	GlobalSection(SolutionConfigurationPlatforms) = preSolution
		Debug|Any CPU = Debug|Any CPU
		Release|Any CPU = Release|Any CPU
	EndGlobalSection
	GlobalSection(ProjectConfigurationPlatforms) = postSolution
		{7F71D956-076C-4AC0-8FA2-83790EA0A386}.Debug|Any CPU.ActiveCfg = Debug|Any CPU
		{7F71D956-076C-4AC0-8FA2-83790EA0A386}.Debug|Any CPU.Build.0 = Debug|Any CPU
		{7F71D956-076C-4AC0-8FA2-83790EA0A386}.Release|Any CPU.ActiveCfg = Release|Any CPU
		{7F71D956-076C-4AC0-8FA2-83790EA0A386}.Release|Any CPU.Build.0 = Release|Any CPU
	EndGlobalSection
	GlobalSection(SolutionProperties) = preSolution
		HideSolutionNode = FALSE
	EndGlobalSection
	GlobalSection(ExtensibilityGlobals) = postSolution
		SolutionGuid = {0E8B7A13-5B2A-40BA-87B7-66708116D88B}
	EndGlobalSection
EndGlobal
